{
  "name": "mintknight-docs",
  "lockfileVersion": 2,
  "requires": true,
  "packages": {
    "": {
      "dependencies": {
        "gitbook-plugin-insert-logo": "^0.1.5"
      }
    },
    "node_modules/gitbook-plugin-insert-logo": {
      "version": "0.1.5",
      "resolved": "https://registry.npmjs.org/gitbook-plugin-insert-logo/-/gitbook-plugin-insert-logo-0.1.5.tgz",
      "integrity": "sha1-2q6N2kGiNtVPE5MeVwsmcpVXiFo=",
      "engines": {
        "gitbook": ">1.x.x"
      }
    }
  },
  "dependencies": {
    "gitbook-plugin-insert-logo": {
      "version": "0.1.5",
      "resolved": "https://registry.npmjs.org/gitbook-plugin-insert-logo/-/gitbook-plugin-insert-logo-0.1.5.tgz",
      "integrity": "sha1-2q6N2kGiNtVPE5MeVwsmcpVXiFo="
    }
  }
}
